{
  "name": "academe-israel-landing-website",
  "version": "0.1.0",
  "lockfileVersion": 1,
  "requires": true,
  "dependencies": {
    "@fortawesome/fontawesome-svg-core": {
      "version": "1.2.12",
      "resolved": "https://registry.npmjs.org/@fortawesome/fontawesome-svg-core/-/fontawesome-svg-core-1.2.12.tgz",
      "integrity": "sha512-cqTfa3vZ+Z9UYQnmLfCOwyLnf0Xcoxkmm/BSaI29Yikzu9zIeD4es7lBZMDqLOXYSEQC+rCr8caxFlGJcJVA+w=="
    },
    "@fortawesome/free-brands-svg-icons": {
      "version": "5.6.3",
      "resolved": "https://registry.npmjs.org/@fortawesome/free-brands-svg-icons/-/free-brands-svg-icons-5.6.3.tgz",
      "integrity": "sha512-VCPYnISsTQwYXavO6ajFuYvedqMXk9njEaNrHcvUWhal1XTQNLrwIBjyM/IMGkn06XbGL6ApPg78vh1tIfA5GA=="
    },
    "@fortawesome/free-solid-svg-icons": {
      "version": "5.6.3",
      "resolved": "https://registry.npmjs.org/@fortawesome/free-solid-svg-icons/-/free-solid-svg-icons-5.6.3.tgz",
      "integrity": "sha512-ld8Gfp1KrncOpFRheThUDlD6/Ro9ZJGqfCEMXlO/x1Cg7ltLc5iYDG7yxDowLcmFY2BGSmxIIU3ZMW5FVTrfwQ=="
    },
    "@fortawesome/react-fontawesome": {
      "version": "0.1.4",
      "resolved": "https://registry.npmjs.org/@fortawesome/react-fontawesome/-/react-fontawesome-0.1.4.tgz",
      "integrity": "sha512-GwmxQ+TK7PEdfSwvxtGnMCqrfEm0/HbRHArbUudsYiy9KzVCwndxa2KMcfyTQ8El0vROrq8gOOff09RF1oQe8g=="
    },
    "axios": {
      "version": "0.21.2",
      "resolved": "https://registry.npmjs.org/axios/-/axios-0.21.2.tgz",
      "integrity": "sha512-87otirqUw3e8CzHTMO+/9kh/FSgXt/eVDvipijwDtEuwbkySWZ9SBm6VEubmJ/kLKEoLQV/POhxXFb66bfekfg==",
      "requires": {
        "follow-redirects": "^1.14.0"
      },
      "dependencies": {
        "follow-redirects": {
          "version": "1.15.2",
          "resolved": "https://registry.npmjs.org/follow-redirects/-/follow-redirects-1.15.2.tgz",
          "integrity": "sha512-VQLG33o04KaQ8uYi2tVNbdrWp1QWxNNea+nmIB4EVM28v0hmP17z7aG1+wAkNzVq4KeXTq3221ye5qTJP91JwA=="
        }
      }
    },
    "jsdoc": {
      "version": "3.5.5",
      "resolved": "https://registry.npmjs.org/jsdoc/-/jsdoc-3.5.5.tgz",
      "integrity": "sha512-6PxB65TAU4WO0Wzyr/4/YhlGovXl0EVYfpKbpSroSj0qBxT4/xod/l40Opkm38dRHRdQgdeY836M0uVnJQG7kg==",
      "dev": true,
      "dependencies": {
        "babylon": {
          "version": "7.0.0-beta.19",
          "resolved": "https://registry.npmjs.org/babylon/-/babylon-7.0.0-beta.19.tgz",
          "integrity": "sha512-Vg0C9s/REX6/WIXN37UKpv5ZhRi6A4pjHlpkE34+8/a6c2W1Q692n3hmc+SZG5lKRnaExLUbxtJ1SVT+KaCQ/A=="
        }
      }
    },
    "purecss": {
      "version": "1.0.0",
      "resolved": "https://registry.npmjs.org/purecss/-/purecss-1.0.0.tgz",
      "integrity": "sha512-gfC78WCOWNnfkzulx9aoWwcl+0JflhwKeJ+k9s/ZyIawfYNA4bqBmt0DtfgtQK9iuYMtGfbdE8R2AQMjSWR2VQ=="
    },
    "react": {
      "version": "16.7.0",
      "resolved": "https://registry.npmjs.org/react/-/react-16.7.0.tgz",
      "integrity": "sha512-StCz3QY8lxTb5cl2HJxjwLFOXPIFQp+p+hxQfc8WE0QiLfCtIlKj8/+5tjjKm8uSTlAW+fCPaavGFS06V9Ar3A=="
    },
    "react-burger-menu": {
      "version": "2.6.1",
      "resolved": "https://registry.npmjs.org/react-burger-menu/-/react-burger-menu-2.6.1.tgz",
      "integrity": "sha512-BPwCExEzTz5pvMaptfrVrQcOGyPc0EYklPTwkDNig0uh70nQAGvWy+eYcV3Fa7B2HfUUbxvYXBzeGGf9tqNL+w=="
    },
    "react-countup": {
      "version": "4.0.0",
      "resolved": "https://registry.npmjs.org/react-countup/-/react-countup-4.0.0.tgz",
      "integrity": "sha512-l2GZY274KJir6Lvxahr+ZKT4xl9zzpSXO9dTvyKylm6jQcaSzk8TVECYlznTxWw4ctte3PBk+W1o3PeCXRyijg=="
    },
    "react-dom": {
      "version": "16.7.0",
      "resolved": "https://registry.npmjs.org/react-dom/-/react-dom-16.7.0.tgz",
      "integrity": "sha512-D0Ufv1ExCAmF38P2Uh1lwpminZFRXEINJe53zRAbm4KPwSyd6DY/uDoS0Blj9jvPpn1+wivKpZYc8aAAN/nAkg=="
    },
    "react-hotjar": {
      "version": "2.2.0",
      "resolved": "https://registry.npmjs.org/react-hotjar/-/react-hotjar-2.2.0.tgz",
      "integrity": "sha512-HNJ9G5DT3o0jxNQrR4wyL/oVeWd6Rt+oATvxlfk6I1pFVYumNeXu3FoOud9uiblJJyiqXL5bKyKn6SjLvPczQw=="
    },
    "react-ladda": {
      "version": "6.0.0",
      "resolved": "https://registry.npmjs.org/react-ladda/-/react-ladda-6.0.0.tgz",
      "integrity": "sha512-wBs0nebPF+t2lXBCrBLT98FiNDoUY73CtOHHvcEZ7mCpnmfwjWUhGI44xIG+UAnyFgshIP58IPO5yy9Sk3uqqA=="
    },
    "react-loader-spinner": {
      "version": "2.3.0",
      "resolved": "https://registry.npmjs.org/react-loader-spinner/-/react-loader-spinner-2.3.0.tgz",
      "integrity": "sha512-Nu7RXMyAnvdGoZLH5boXaHbqLkgBEIPO1u75zOZkZNp2V+Dg8RvvlZ05SU3ajtmsFNteFe8BJbFd0samH0tXcw=="
    },
    "react-pure": {
      "version": "0.3.1",
      "resolved": "https://registry.npmjs.org/react-pure/-/react-pure-0.3.1.tgz",
      "integrity": "sha1-zCSeB9g6QNMOojMc2DXmCyOSliw=",
      "dependencies": {
        "babel-runtime": {
          "version": "5.8.38",
          "resolved": "https://registry.npmjs.org/babel-runtime/-/babel-runtime-5.8.38.tgz",
          "integrity": "sha1-HAsC62MxL18If/IEUIJ7QlydTBk="
        },
        "core-js": {
          "version": "1.2.7",
          "resolved": "https://registry.npmjs.org/core-js/-/core-js-1.2.7.tgz",
          "integrity": "sha1-ZSKUwUZR2yj6k70tX/KYOk8IxjY="
        }
      }
    },
    "react-router-dom": {
      "version": "4.3.1",
      "resolved": "https://registry.npmjs.org/react-router-dom/-/react-router-dom-4.3.1.tgz",
      "integrity": "sha512-c/MlywfxDdCp7EnB7YfPMOfMD3tOtIjrQlj/CKfNMBxdmpJP8xcz5P/UAFn3JbnQCNUxsHyVVqllF9LhgVyFCA=="
    },
    "react-router-transition": {
      "version": "1.2.1",
      "resolved": "https://registry.npmjs.org/react-router-transition/-/react-router-transition-1.2.1.tgz",
      "integrity": "sha512-cwXhw/qLskkj0yBcdY3AcBc3g2z4SxFCZpq12h7lqFH56W5RurVevuiumwyirHEPAUHvtR0EmMkF/eRNJmaWcA=="
    },
    "react-scripts": {
      "version": "2.1.3",
      "resolved": "https://registry.npmjs.org/react-scripts/-/react-scripts-2.1.3.tgz",
      "integrity": "sha512-JASD0QVVgSVleVhA9TeA+UBx+shq887hm/L+09qjZLrqIUvJZHZU+oOnhMFGot02Yop+LKfkvf9KSsTNlu/Rwg=="
    },
    "react-slick": {
      "version": "0.23.2",
      "resolved": "https://registry.npmjs.org/react-slick/-/react-slick-0.23.2.tgz",
      "integrity": "sha512-fM6DXX7+22eOcYE9cgaXUfioZL/Zw6fwS6aPMDBt0kLHl4H4fFNEbp4JsJQdEWMLUNFtUytNcvd9KRml22Tp5w=="
    },
    "react-toastify": {
      "version": "4.5.2",
      "resolved": "https://registry.npmjs.org/react-toastify/-/react-toastify-4.5.2.tgz",
      "integrity": "sha512-KymDDhkcX5EvFht17nO0MCsegM/Kdhyfxhi+WQl2tE3IxJrueOhY6TUnALTfvz7eDRUjPYBGb+ywWqWrGyvBnw=="
    },
    "slick-carousel": {
      "version": "1.8.1",
      "resolved": "https://registry.npmjs.org/slick-carousel/-/slick-carousel-1.8.1.tgz",
      "integrity": "sha512-XB9Ftrf2EEKfzoQXt3Nitrt/IPbT+f1fgqBdoxO3W/+JYvtEOW6EgxnWfr9GH6nmULv7Y2tPmEX3koxThVmebA=="
    }
  }
}
